<?xml version="1.0" encoding="utf-8"?>
<Project ToolsVersion="4.0" xmlns="http://schemas.microsoft.com/developer/msbuild/2003">
  <ItemGroup>
    <Filter Include="Contents">
      <UniqueIdentifier>{4FC737F1-C7A5-4376-A066-2A32D752A2FF}</UniqueIdentifier>
      <Extensions>cpp;c;cc;cxx;c++;cppm;ixx;def;odl;idl;hpj;bat;asm;asmx</Extensions>
    </Filter>
    <Filter Include="NetLib">
      <UniqueIdentifier>{93995380-89BD-4b04-88EB-625FBE52EBFB}</UniqueIdentifier>
      <Extensions>h;hh;hpp;hxx;h++;hm;inl;inc;ipp;xsd</Extensions>
    </Filter>
    <Filter Include="Packet">
      <UniqueIdentifier>{67DA6AB6-F800-4c08-8B7A-83BB121AAD01}</UniqueIdentifier>
      <Extensions>rc;ico;cur;bmp;dlg;rc2;rct;bin;rgs;gif;jpg;jpeg;jpe;resx;tiff;tif;png;wav;mfcribbon-ms</Extensions>
    </Filter>
    <Filter Include="Util">
      <UniqueIdentifier>{D936E06F-3DBA-4D74-9594-1324838633E2}</UniqueIdentifier>
    </Filter>
  </ItemGroup>
  <ItemGroup>
    <ClInclude Include="define.h" />
    <ClInclude Include="stdafx.h" />
    <ClInclude Include="ConsoleHandler.h" />
    <ClInclude Include="Contents\ContentsProcess.h">
      <Filter>Contents</Filter>
    </ClInclude>
    <ClInclude Include="Contents\Lobby.h">
      <Filter>Contents</Filter>
    </ClInclude>
    <ClInclude Include="Contents\User.h">
      <Filter>Contents</Filter>
    </ClInclude>
    <ClInclude Include="NetLib\LanServer.h">
      <Filter>NetLib</Filter>
    </ClInclude>
    <ClInclude Include="NetLib\NetServer.h">
      <Filter>NetLib</Filter>
    </ClInclude>
    <ClInclude Include="NetLib\NetworkEvents.h">
      <Filter>NetLib</Filter>
    </ClInclude>
    <ClInclude Include="NetLib\Server.h">
      <Filter>NetLib</Filter>
    </ClInclude>
    <ClInclude Include="NetLib\Session.h">
      <Filter>NetLib</Filter>
    </ClInclude>
    <ClInclude Include="NetLib\SessionManager.h">
      <Filter>NetLib</Filter>
    </ClInclude>
    <ClInclude Include="Packet\PacketHandler_Auto.h">
      <Filter>Packet</Filter>
    </ClInclude>
    <ClInclude Include="Packet\PacketMaker_Auto.h">
      <Filter>Packet</Filter>
    </ClInclude>
    <ClInclude Include="Packet\PacketProcess_Auto.h">
      <Filter>Packet</Filter>
    </ClInclude>
    <ClInclude Include="Util\CPacket.h">
      <Filter>Util</Filter>
    </ClInclude>
    <ClInclude Include="Util\CRingBuffer.h">
      <Filter>Util</Filter>
    </ClInclude>
    <ClInclude Include="Util\Singleton.h">
      <Filter>Util</Filter>
    </ClInclude>
    <ClInclude Include="Util\SystemLogger.h">
      <Filter>Util</Filter>
    </ClInclude>
    <ClInclude Include="Util\Util.h">
      <Filter>Util</Filter>
    </ClInclude>
    <ClInclude Include="Util\Profiler.h">
      <Filter>Util</Filter>
    </ClInclude>
  </ItemGroup>
  <ItemGroup>
    <ClCompile Include="main.cpp" />
    <ClCompile Include="ConsoleHandler.cpp" />
    <ClCompile Include="Contents\ContentsProcess.cpp">
      <Filter>Contents</Filter>
    </ClCompile>
    <ClCompile Include="Contents\Lobby.cpp">
      <Filter>Contents</Filter>
    </ClCompile>
    <ClCompile Include="NetLib\LanServer.cpp">
      <Filter>NetLib</Filter>
    </ClCompile>
    <ClCompile Include="NetLib\Server.cpp">
      <Filter>NetLib</Filter>
    </ClCompile>
    <ClCompile Include="NetLib\Session.cpp">
      <Filter>NetLib</Filter>
    </ClCompile>
    <ClCompile Include="NetLib\SessionManager.cpp">
      <Filter>NetLib</Filter>
    </ClCompile>
    <ClCompile Include="Packet\PacketMaker_Auto.cpp">
      <Filter>Packet</Filter>
    </ClCompile>
    <ClCompile Include="Packet\PacketProcess_Auto.cpp">
      <Filter>Packet</Filter>
    </ClCompile>
    <ClCompile Include="Util\CRingBuffer.cpp">
      <Filter>Util</Filter>
    </ClCompile>
    <ClCompile Include="Util\SystemLogger.cpp">
      <Filter>Util</Filter>
    </ClCompile>
  </ItemGroup>
  <ItemGroup>
    <None Include="Packet_Config.xlsx" />
    <None Include="readme.md" />
  </ItemGroup>
</Project>